
Microsoft Visual Studio Solution File, Format Version 12.00
# Visual Studio 15
VisualStudioVersion = 15.0.27428.2043
MinimumVisualStudioVersion = 10.0.40219.1
Project("{FAE04EC0-301F-11D3-BF4B-00C04F79EFBC}") = "thissite", "thissite\thissite.csproj", "{FF74848F-1C36-4C01-923F-857688C68074}"
EndProject
Global
	GlobalSection(SolutionConfigurationPlatforms) = preSolution
		Debug|Any CPU = Debug|Any CPU
		Release|Any CPU = Release|Any CPU
	EndGlobalSection
	GlobalSection(ProjectConfigurationPlatforms) = postSolution
		{FF74848F-1C36-4C01-923F-857688C68074}.Debug|Any CPU.ActiveCfg = Debug|Any CPU
		{FF74848F-1C36-4C01-923F-857688C68074}.Debug|Any CPU.Build.0 = Debug|Any CPU
		{FF74848F-1C36-4C01-923F-857688C68074}.Release|Any CPU.ActiveCfg = Release|Any CPU
		{FF74848F-1C36-4C01-923F-857688C68074}.Release|Any CPU.Build.0 = Release|Any CPU
	EndGlobalSection
	GlobalSection(SolutionProperties) = preSolution
		HideSolutionNode = FALSE
	EndGlobalSection
	GlobalSection(ExtensibilityGlobals) = postSolution
		SolutionGuid = {94E4CB66-3786-47C0-AD19-9D8CA15682C8}
	EndGlobalSection
EndGlobal
